
Microsoft Visual Studio Solution File, Format Version 12.00
# Visual Studio Version 17
VisualStudioVersion = 17.11.35312.102
MinimumVisualStudioVersion = 10.0.40219.1
Project("{FAE04EC0-301F-11D3-BF4B-00C04F79EFBC}") = "Wether_api", "Wether_api.csproj", "{2F2F103D-62B3-4CFA-8A17-782CC2F5B7AB}"
EndProject
Global
	GlobalSection(SolutionConfigurationPlatforms) = preSolution
		Debug|Any CPU = Debug|Any CPU
		Release|Any CPU = Release|Any CPU
	EndGlobalSection
	GlobalSection(ProjectConfigurationPlatforms) = postSolution
		{2F2F103D-62B3-4CFA-8A17-782CC2F5B7AB}.Debug|Any CPU.ActiveCfg = Debug|Any CPU
		{2F2F103D-62B3-4CFA-8A17-782CC2F5B7AB}.Debug|Any CPU.Build.0 = Debug|Any CPU
		{2F2F103D-62B3-4CFA-8A17-782CC2F5B7AB}.Release|Any CPU.ActiveCfg = Release|Any CPU
		{2F2F103D-62B3-4CFA-8A17-782CC2F5B7AB}.Release|Any CPU.Build.0 = Release|Any CPU
	EndGlobalSection
	GlobalSection(SolutionProperties) = preSolution
		HideSolutionNode = FALSE
	EndGlobalSection
	GlobalSection(ExtensibilityGlobals) = postSolution
		SolutionGuid = {B05F5CE9-FE03-4DC2-9370-BB9D9E7AC171}
	EndGlobalSection
EndGlobal
